// !$*UTF8*$!
{
	archiveVersion = 1;
	classes = {
	};
	objectVersion = 56;
	objects = {

/* Begin PBXBuildFile section */
		F50740822C8EF1E300E9E56F /* LoginView.swift in Sources */ = {isa = PBXBuildFile; fileRef = F50740812C8EF1E300E9E56F /* LoginView.swift */; };
		F50740842C8EFABA00E9E56F /* RegistrationView.swift in Sources */ = {isa = PBXBuildFile; fileRef = F50740832C8EFABA00E9E56F /* RegistrationView.swift */; };
		F50740872C8EFD7F00E9E56F /* ThreadsTextFieldModifier.swift in Sources */ = {isa = PBXBuildFile; fileRef = F50740862C8EFD7F00E9E56F /* ThreadsTextFieldModifier.swift */; };
		F507408A2C8F02E900E9E56F /* ThreadsTabView.swift in Sources */ = {isa = PBXBuildFile; fileRef = F50740892C8F02E900E9E56F /* ThreadsTabView.swift */; };
		F50740902C8F0C4D00E9E56F /* FeedView.swift in Sources */ = {isa = PBXBuildFile; fileRef = F507408F2C8F0C4D00E9E56F /* FeedView.swift */; };
		F50740942C8F0D5500E9E56F /* ExploreView.swift in Sources */ = {isa = PBXBuildFile; fileRef = F50740932C8F0D5500E9E56F /* ExploreView.swift */; };
		F50740982C8F0DB400E9E56F /* CreateThreadView.swift in Sources */ = {isa = PBXBuildFile; fileRef = F50740972C8F0DB400E9E56F /* CreateThreadView.swift */; };
		F507409C2C8F0E4700E9E56F /* ActivityView.swift in Sources */ = {isa = PBXBuildFile; fileRef = F507409B2C8F0E4700E9E56F /* ActivityView.swift */; };
		F50740A02C8F0E7500E9E56F /* ProfileView.swift in Sources */ = {isa = PBXBuildFile; fileRef = F507409F2C8F0E7500E9E56F /* ProfileView.swift */; };
		F50740A22C8F108400E9E56F /* ThreadCell.swift in Sources */ = {isa = PBXBuildFile; fileRef = F50740A12C8F108400E9E56F /* ThreadCell.swift */; };
		F58F32AD2C8EEDA700D4FB7B /* instagram_threads_cloneApp.swift in Sources */ = {isa = PBXBuildFile; fileRef = F58F32AC2C8EEDA700D4FB7B /* instagram_threads_cloneApp.swift */; };
		F58F32AF2C8EEDA700D4FB7B /* ContentView.swift in Sources */ = {isa = PBXBuildFile; fileRef = F58F32AE2C8EEDA700D4FB7B /* ContentView.swift */; };
		F58F32B12C8EEDAA00D4FB7B /* Assets.xcassets in Resources */ = {isa = PBXBuildFile; fileRef = F58F32B02C8EEDAA00D4FB7B /* Assets.xcassets */; };
		F58F32B42C8EEDAA00D4FB7B /* Preview Assets.xcassets in Resources */ = {isa = PBXBuildFile; fileRef = F58F32B32C8EEDAA00D4FB7B /* Preview Assets.xcassets */; };
/* End PBXBuildFile section */

/* Begin PBXFileReference section */
		F50740812C8EF1E300E9E56F /* LoginView.swift */ = {isa = PBXFileReference; lastKnownFileType = sourcecode.swift; path = LoginView.swift; sourceTree = "<group>"; };
		F50740832C8EFABA00E9E56F /* RegistrationView.swift */ = {isa = PBXFileReference; lastKnownFileType = sourcecode.swift; path = RegistrationView.swift; sourceTree = "<group>"; };
		F50740862C8EFD7F00E9E56F /* ThreadsTextFieldModifier.swift */ = {isa = PBXFileReference; lastKnownFileType = sourcecode.swift; path = ThreadsTextFieldModifier.swift; sourceTree = "<group>"; };
		F50740892C8F02E900E9E56F /* ThreadsTabView.swift */ = {isa = PBXFileReference; lastKnownFileType = sourcecode.swift; path = ThreadsTabView.swift; sourceTree = "<group>"; };
		F507408F2C8F0C4D00E9E56F /* FeedView.swift */ = {isa = PBXFileReference; lastKnownFileType = sourcecode.swift; path = FeedView.swift; sourceTree = "<group>"; };
		F50740932C8F0D5500E9E56F /* ExploreView.swift */ = {isa = PBXFileReference; lastKnownFileType = sourcecode.swift; path = ExploreView.swift; sourceTree = "<group>"; };
		F50740972C8F0DB400E9E56F /* CreateThreadView.swift */ = {isa = PBXFileReference; lastKnownFileType = sourcecode.swift; path = CreateThreadView.swift; sourceTree = "<group>"; };
		F507409B2C8F0E4700E9E56F /* ActivityView.swift */ = {isa = PBXFileReference; lastKnownFileType = sourcecode.swift; path = ActivityView.swift; sourceTree = "<group>"; };
		F507409F2C8F0E7500E9E56F /* ProfileView.swift */ = {isa = PBXFileReference; lastKnownFileType = sourcecode.swift; path = ProfileView.swift; sourceTree = "<group>"; };
		F50740A12C8F108400E9E56F /* ThreadCell.swift */ = {isa = PBXFileReference; lastKnownFileType = sourcecode.swift; path = ThreadCell.swift; sourceTree = "<group>"; };
		F58F32A92C8EEDA700D4FB7B /* instagram_threads_clone.app */ = {isa = PBXFileReference; explicitFileType = wrapper.application; includeInIndex = 0; path = instagram_threads_clone.app; sourceTree = BUILT_PRODUCTS_DIR; };
		F58F32AC2C8EEDA700D4FB7B /* instagram_threads_cloneApp.swift */ = {isa = PBXFileReference; lastKnownFileType = sourcecode.swift; path = instagram_threads_cloneApp.swift; sourceTree = "<group>"; };
		F58F32AE2C8EEDA700D4FB7B /* ContentView.swift */ = {isa = PBXFileReference; lastKnownFileType = sourcecode.swift; path = ContentView.swift; sourceTree = "<group>"; };
		F58F32B02C8EEDAA00D4FB7B /* Assets.xcassets */ = {isa = PBXFileReference; lastKnownFileType = folder.assetcatalog; path = Assets.xcassets; sourceTree = "<group>"; };
		F58F32B32C8EEDAA00D4FB7B /* Preview Assets.xcassets */ = {isa = PBXFileReference; lastKnownFileType = folder.assetcatalog; path = "Preview Assets.xcassets"; sourceTree = "<group>"; };
/* End PBXFileReference section */

/* Begin PBXFrameworksBuildPhase section */
		F58F32A62C8EEDA700D4FB7B /* Frameworks */ = {
			isa = PBXFrameworksBuildPhase;
			buildActionMask = 2147483647;
			files = (
			);
			runOnlyForDeploymentPostprocessing = 0;
		};
/* End PBXFrameworksBuildPhase section */

/* Begin PBXGroup section */
		F50740782C8EF0DB00E9E56F /* Services */ = {
			isa = PBXGroup;
			children = (
			);
			path = Services;
			sourceTree = "<group>";
		};
		F507407A2C8EF0F500E9E56F /* Model */ = {
			isa = PBXGroup;
			children = (
			);
			path = Model;
			sourceTree = "<group>";
		};
		F507407B2C8EF0F700E9E56F /* Extensions */ = {
			isa = PBXGroup;
			children = (
			);
			path = Extensions;
			sourceTree = "<group>";
		};
		F507407C2C8EF0FA00E9E56F /* Core */ = {
			isa = PBXGroup;
			children = (
				F507409D2C8F0E5D00E9E56F /* Profile */,
				F50740992C8F0E2D00E9E56F /* Activity */,
				F50740952C8F0D7C00E9E56F /* ThreadCreation */,
				F507407E2C8EF19000E9E56F /* Authentication */,
				F50740912C8F0D3C00E9E56F /* Explore */,
				F507408B2C8F0C0500E9E56F /* Feed */,
				F507407F2C8EF19F00E9E56F /* Root */,
				F50740882C8F027700E9E56F /* TabBar */,
			);
			path = Core;
			sourceTree = "<group>";
		};
		F507407D2C8EF0FC00E9E56F /* App */ = {
			isa = PBXGroup;
			children = (
				F58F32AC2C8EEDA700D4FB7B /* instagram_threads_cloneApp.swift */,
			);
			path = App;
			sourceTree = "<group>";
		};
		F507407E2C8EF19000E9E56F /* Authentication */ = {
			isa = PBXGroup;
			children = (
				F50740802C8EF1B900E9E56F /* Views */,
			);
			path = Authentication;
			sourceTree = "<group>";
		};
		F507407F2C8EF19F00E9E56F /* Root */ = {
			isa = PBXGroup;
			children = (
			);
			path = Root;
			sourceTree = "<group>";
		};
		F50740802C8EF1B900E9E56F /* Views */ = {
			isa = PBXGroup;
			children = (
				F50740812C8EF1E300E9E56F /* LoginView.swift */,
				F50740832C8EFABA00E9E56F /* RegistrationView.swift */,
			);
			path = Views;
			sourceTree = "<group>";
		};
		F50740852C8EFD3C00E9E56F /* ViewModifiers */ = {
			isa = PBXGroup;
			children = (
				F50740862C8EFD7F00E9E56F /* ThreadsTextFieldModifier.swift */,
			);
			path = ViewModifiers;
			sourceTree = "<group>";
		};
		F50740882C8F027700E9E56F /* TabBar */ = {
			isa = PBXGroup;
			children = (
				F50740892C8F02E900E9E56F /* ThreadsTabView.swift */,
			);
			path = TabBar;
			sourceTree = "<group>";
		};
		F507408B2C8F0C0500E9E56F /* Feed */ = {
			isa = PBXGroup;
			children = (
				F507408C2C8F0C1B00E9E56F /* View */,
			);
			path = Feed;
			sourceTree = "<group>";
		};
		F507408C2C8F0C1B00E9E56F /* View */ = {
			isa = PBXGroup;
			children = (
				F507408F2C8F0C4D00E9E56F /* FeedView.swift */,
				F50740A12C8F108400E9E56F /* ThreadCell.swift */,
			);
			path = View;
			sourceTree = "<group>";
		};
		F50740912C8F0D3C00E9E56F /* Explore */ = {
			isa = PBXGroup;
			children = (
				F50740922C8F0D4500E9E56F /* View */,
			);
			path = Explore;
			sourceTree = "<group>";
		};
		F50740922C8F0D4500E9E56F /* View */ = {
			isa = PBXGroup;
			children = (
				F50740932C8F0D5500E9E56F /* ExploreView.swift */,
			);
			path = View;
			sourceTree = "<group>";
		};
		F50740952C8F0D7C00E9E56F /* ThreadCreation */ = {
			isa = PBXGroup;
			children = (
				F50740962C8F0DA000E9E56F /* View */,
			);
			path = ThreadCreation;
			sourceTree = "<group>";
		};
		F50740962C8F0DA000E9E56F /* View */ = {
			isa = PBXGroup;
			children = (
				F50740972C8F0DB400E9E56F /* CreateThreadView.swift */,
			);
			path = View;
			sourceTree = "<group>";
		};
		F50740992C8F0E2D00E9E56F /* Activity */ = {
			isa = PBXGroup;
			children = (
				F507409A2C8F0E3A00E9E56F /* View */,
			);
			path = Activity;
			sourceTree = "<group>";
		};
		F507409A2C8F0E3A00E9E56F /* View */ = {
			isa = PBXGroup;
			children = (
				F507409B2C8F0E4700E9E56F /* ActivityView.swift */,
			);
			path = View;
			sourceTree = "<group>";
		};
		F507409D2C8F0E5D00E9E56F /* Profile */ = {
			isa = PBXGroup;
			children = (
				F507409E2C8F0E6700E9E56F /* View */,
			);
			path = Profile;
			sourceTree = "<group>";
		};
		F507409E2C8F0E6700E9E56F /* View */ = {
			isa = PBXGroup;
			children = (
				F507409F2C8F0E7500E9E56F /* ProfileView.swift */,
			);
			path = View;
			sourceTree = "<group>";
		};
		F58F32A02C8EEDA700D4FB7B = {
			isa = PBXGroup;
			children = (
				F58F32AB2C8EEDA700D4FB7B /* instagram_threads_clone */,
				F58F32AA2C8EEDA700D4FB7B /* Products */,
			);
			sourceTree = "<group>";
		};
		F58F32AA2C8EEDA700D4FB7B /* Products */ = {
			isa = PBXGroup;
			children = (
				F58F32A92C8EEDA700D4FB7B /* instagram_threads_clone.app */,
			);
			name = Products;
			sourceTree = "<group>";
		};
		F58F32AB2C8EEDA700D4FB7B /* instagram_threads_clone */ = {
			isa = PBXGroup;
			children = (
				F507407D2C8EF0FC00E9E56F /* App */,
				F507407C2C8EF0FA00E9E56F /* Core */,
				F507407B2C8EF0F700E9E56F /* Extensions */,
				F507407A2C8EF0F500E9E56F /* Model */,
				F50740782C8EF0DB00E9E56F /* Services */,
				F58F32BA2C8EF0B300D4FB7B /* Utils */,
				F58F32AE2C8EEDA700D4FB7B /* ContentView.swift */,
				F58F32B02C8EEDAA00D4FB7B /* Assets.xcassets */,
				F58F32B22C8EEDAA00D4FB7B /* Preview Content */,
			);
			path = instagram_threads_clone;
			sourceTree = "<group>";
		};
		F58F32B22C8EEDAA00D4FB7B /* Preview Content */ = {
			isa = PBXGroup;
			children = (
				F58F32B32C8EEDAA00D4FB7B /* Preview Assets.xcassets */,
			);
			path = "Preview Content";
			sourceTree = "<group>";
		};
		F58F32BA2C8EF0B300D4FB7B /* Utils */ = {
			isa = PBXGroup;
			children = (
				F50740852C8EFD3C00E9E56F /* ViewModifiers */,
			);
			path = Utils;
			sourceTree = "<group>";
		};
/* End PBXGroup section */

/* Begin PBXNativeTarget section */
		F58F32A82C8EEDA700D4FB7B /* instagram_threads_clone */ = {
			isa = PBXNativeTarget;
			buildConfigurationList = F58F32B72C8EEDAA00D4FB7B /* Build configuration list for PBXNativeTarget "instagram_threads_clone" */;
			buildPhases = (
				F58F32A52C8EEDA700D4FB7B /* Sources */,
				F58F32A62C8EEDA700D4FB7B /* Frameworks */,
				F58F32A72C8EEDA700D4FB7B /* Resources */,
			);
			buildRules = (
			);
			dependencies = (
			);
			name = instagram_threads_clone;
			productName = instagram_threads_clone;
			productReference = F58F32A92C8EEDA700D4FB7B /* instagram_threads_clone.app */;
			productType = "com.apple.product-type.application";
		};
/* End PBXNativeTarget section */

/* Begin PBXProject section */
		F58F32A12C8EEDA700D4FB7B /* Project object */ = {
			isa = PBXProject;
			attributes = {
				BuildIndependentTargetsInParallel = 1;
				LastSwiftUpdateCheck = 1540;
				LastUpgradeCheck = 1540;
				TargetAttributes = {
					F58F32A82C8EEDA700D4FB7B = {
						CreatedOnToolsVersion = 15.4;
					};
				};
			};
			buildConfigurationList = F58F32A42C8EEDA700D4FB7B /* Build configuration list for PBXProject "instagram_threads_clone" */;
			compatibilityVersion = "Xcode 14.0";
			developmentRegion = en;
			hasScannedForEncodings = 0;
			knownRegions = (
				en,
				Base,
			);
			mainGroup = F58F32A02C8EEDA700D4FB7B;
			productRefGroup = F58F32AA2C8EEDA700D4FB7B /* Products */;
			projectDirPath = "";
			projectRoot = "";
			targets = (
				F58F32A82C8EEDA700D4FB7B /* instagram_threads_clone */,
			);
		};
/* End PBXProject section */

/* Begin PBXResourcesBuildPhase section */
		F58F32A72C8EEDA700D4FB7B /* Resources */ = {
			isa = PBXResourcesBuildPhase;
			buildActionMask = 2147483647;
			files = (
				F58F32B42C8EEDAA00D4FB7B /* Preview Assets.xcassets in Resources */,
				F58F32B12C8EEDAA00D4FB7B /* Assets.xcassets in Resources */,
			);
			runOnlyForDeploymentPostprocessing = 0;
		};
/* End PBXResourcesBuildPhase section */

/* Begin PBXSourcesBuildPhase section */
		F58F32A52C8EEDA700D4FB7B /* Sources */ = {
			isa = PBXSourcesBuildPhase;
			buildActionMask = 2147483647;
			files = (
				F50740822C8EF1E300E9E56F /* LoginView.swift in Sources */,
				F58F32AF2C8EEDA700D4FB7B /* ContentView.swift in Sources */,
				F507408A2C8F02E900E9E56F /* ThreadsTabView.swift in Sources */,
				F50740A22C8F108400E9E56F /* ThreadCell.swift in Sources */,
				F507409C2C8F0E4700E9E56F /* ActivityView.swift in Sources */,
				F50740982C8F0DB400E9E56F /* CreateThreadView.swift in Sources */,
				F50740872C8EFD7F00E9E56F /* ThreadsTextFieldModifier.swift in Sources */,
				F58F32AD2C8EEDA700D4FB7B /* instagram_threads_cloneApp.swift in Sources */,
				F50740842C8EFABA00E9E56F /* RegistrationView.swift in Sources */,
				F50740942C8F0D5500E9E56F /* ExploreView.swift in Sources */,
				F50740A02C8F0E7500E9E56F /* ProfileView.swift in Sources */,
				F50740902C8F0C4D00E9E56F /* FeedView.swift in Sources */,
			);
			runOnlyForDeploymentPostprocessing = 0;
		};
/* End PBXSourcesBuildPhase section */

/* Begin XCBuildConfiguration section */
		F58F32B52C8EEDAA00D4FB7B /* Debug */ = {
			isa = XCBuildConfiguration;
			buildSettings = {
				ALWAYS_SEARCH_USER_PATHS = NO;
				ASSETCATALOG_COMPILER_GENERATE_SWIFT_ASSET_SYMBOL_EXTENSIONS = YES;
				CLANG_ANALYZER_NONNULL = YES;
				CLANG_ANALYZER_NUMBER_OBJECT_CONVERSION = YES_AGGRESSIVE;
				CLANG_CXX_LANGUAGE_STANDARD = "gnu++20";
				CLANG_ENABLE_MODULES = YES;
				CLANG_ENABLE_OBJC_ARC = YES;
				CLANG_ENABLE_OBJC_WEAK = YES;
				CLANG_WARN_BLOCK_CAPTURE_AUTORELEASING = YES;
				CLANG_WARN_BOOL_CONVERSION = YES;
				CLANG_WARN_COMMA = YES;
				CLANG_WARN_CONSTANT_CONVERSION = YES;
				CLANG_WARN_DEPRECATED_OBJC_IMPLEMENTATIONS = YES;
				CLANG_WARN_DIRECT_OBJC_ISA_USAGE = YES_ERROR;
				CLANG_WARN_DOCUMENTATION_COMMENTS = YES;
				CLANG_WARN_EMPTY_BODY = YES;
				CLANG_WARN_ENUM_CONVERSION = YES;
				CLANG_WARN_INFINITE_RECURSION = YES;
				CLANG_WARN_INT_CONVERSION = YES;
				CLANG_WARN_NON_LITERAL_NULL_CONVERSION = YES;
				CLANG_WARN_OBJC_IMPLICIT_RETAIN_SELF = YES;
				CLANG_WARN_OBJC_LITERAL_CONVERSION = YES;
				CLANG_WARN_OBJC_ROOT_CLASS = YES_ERROR;
				CLANG_WARN_QUOTED_INCLUDE_IN_FRAMEWORK_HEADER = YES;
				CLANG_WARN_RANGE_LOOP_ANALYSIS = YES;
				CLANG_WARN_STRICT_PROTOTYPES = YES;
				CLANG_WARN_SUSPICIOUS_MOVE = YES;
				CLANG_WARN_UNGUARDED_AVAILABILITY = YES_AGGRESSIVE;
				CLANG_WARN_UNREACHABLE_CODE = YES;
				CLANG_WARN__DUPLICATE_METHOD_MATCH = YES;
				COPY_PHASE_STRIP = NO;
				DEBUG_INFORMATION_FORMAT = dwarf;
				ENABLE_STRICT_OBJC_MSGSEND = YES;
				ENABLE_TESTABILITY = YES;
				ENABLE_USER_SCRIPT_SANDBOXING = YES;
				GCC_C_LANGUAGE_STANDARD = gnu17;
				GCC_DYNAMIC_NO_PIC = NO;
				GCC_NO_COMMON_BLOCKS = YES;
				GCC_OPTIMIZATION_LEVEL = 0;
				GCC_PREPROCESSOR_DEFINITIONS = (
					"DEBUG=1",
					"$(inherited)",
				);
				GCC_WARN_64_TO_32_BIT_CONVERSION = YES;
				GCC_WARN_ABOUT_RETURN_TYPE = YES_ERROR;
				GCC_WARN_UNDECLARED_SELECTOR = YES;
				GCC_WARN_UNINITIALIZED_AUTOS = YES_AGGRESSIVE;
				GCC_WARN_UNUSED_FUNCTION = YES;
				GCC_WARN_UNUSED_VARIABLE = YES;
				IPHONEOS_DEPLOYMENT_TARGET = 17.5;
				LOCALIZATION_PREFERS_STRING_CATALOGS = YES;
				MTL_ENABLE_DEBUG_INFO = INCLUDE_SOURCE;
				MTL_FAST_MATH = YES;
				ONLY_ACTIVE_ARCH = YES;
				SDKROOT = iphoneos;
				SWIFT_ACTIVE_COMPILATION_CONDITIONS = "DEBUG $(inherited)";
				SWIFT_OPTIMIZATION_LEVEL = "-Onone";
			};
			name = Debug;
		};
		F58F32B62C8EEDAA00D4FB7B /* Release */ = {
			isa = XCBuildConfiguration;
			buildSettings = {
				ALWAYS_SEARCH_USER_PATHS = NO;
				ASSETCATALOG_COMPILER_GENERATE_SWIFT_ASSET_SYMBOL_EXTENSIONS = YES;
				CLANG_ANALYZER_NONNULL = YES;
				CLANG_ANALYZER_NUMBER_OBJECT_CONVERSION = YES_AGGRESSIVE;
				CLANG_CXX_LANGUAGE_STANDARD = "gnu++20";
				CLANG_ENABLE_MODULES = YES;
				CLANG_ENABLE_OBJC_ARC = YES;
				CLANG_ENABLE_OBJC_WEAK = YES;
				CLANG_WARN_BLOCK_CAPTURE_AUTORELEASING = YES;
				CLANG_WARN_BOOL_CONVERSION = YES;
				CLANG_WARN_COMMA = YES;
				CLANG_WARN_CONSTANT_CONVERSION = YES;
				CLANG_WARN_DEPRECATED_OBJC_IMPLEMENTATIONS = YES;
				CLANG_WARN_DIRECT_OBJC_ISA_USAGE = YES_ERROR;
				CLANG_WARN_DOCUMENTATION_COMMENTS = YES;
				CLANG_WARN_EMPTY_BODY = YES;
				CLANG_WARN_ENUM_CONVERSION = YES;
				CLANG_WARN_INFINITE_RECURSION = YES;
				CLANG_WARN_INT_CONVERSION = YES;
				CLANG_WARN_NON_LITERAL_NULL_CONVERSION = YES;
				CLANG_WARN_OBJC_IMPLICIT_RETAIN_SELF = YES;
				CLANG_WARN_OBJC_LITERAL_CONVERSION = YES;
				CLANG_WARN_OBJC_ROOT_CLASS = YES_ERROR;
				CLANG_WARN_QUOTED_INCLUDE_IN_FRAMEWORK_HEADER = YES;
				CLANG_WARN_RANGE_LOOP_ANALYSIS = YES;
				CLANG_WARN_STRICT_PROTOTYPES = YES;
				CLANG_WARN_SUSPICIOUS_MOVE = YES;
				CLANG_WARN_UNGUARDED_AVAILABILITY = YES_AGGRESSIVE;
				CLANG_WARN_UNREACHABLE_CODE = YES;
				CLANG_WARN__DUPLICATE_METHOD_MATCH = YES;
				COPY_PHASE_STRIP = NO;
				DEBUG_INFORMATION_FORMAT = "dwarf-with-dsym";
				ENABLE_NS_ASSERTIONS = NO;
				ENABLE_STRICT_OBJC_MSGSEND = YES;
				ENABLE_USER_SCRIPT_SANDBOXING = YES;
				GCC_C_LANGUAGE_STANDARD = gnu17;
				GCC_NO_COMMON_BLOCKS = YES;
				GCC_WARN_64_TO_32_BIT_CONVERSION = YES;
				GCC_WARN_ABOUT_RETURN_TYPE = YES_ERROR;
				GCC_WARN_UNDECLARED_SELECTOR = YES;
				GCC_WARN_UNINITIALIZED_AUTOS = YES_AGGRESSIVE;
				GCC_WARN_UNUSED_FUNCTION = YES;
				GCC_WARN_UNUSED_VARIABLE = YES;
				IPHONEOS_DEPLOYMENT_TARGET = 17.5;
				LOCALIZATION_PREFERS_STRING_CATALOGS = YES;
				MTL_ENABLE_DEBUG_INFO = NO;
				MTL_FAST_MATH = YES;
				SDKROOT = iphoneos;
				SWIFT_COMPILATION_MODE = wholemodule;
				VALIDATE_PRODUCT = YES;
			};
			name = Release;
		};
		F58F32B82C8EEDAA00D4FB7B /* Debug */ = {
			isa = XCBuildConfiguration;
			buildSettings = {
				ASSETCATALOG_COMPILER_APPICON_NAME = AppIcon;
				ASSETCATALOG_COMPILER_GLOBAL_ACCENT_COLOR_NAME = AccentColor;
				CODE_SIGN_STYLE = Automatic;
				CURRENT_PROJECT_VERSION = 1;
				DEVELOPMENT_ASSET_PATHS = "\"instagram_threads_clone/Preview Content\"";
				DEVELOPMENT_TEAM = 7XRSSC675J;
				ENABLE_PREVIEWS = YES;
				GENERATE_INFOPLIST_FILE = YES;
				INFOPLIST_KEY_UIApplicationSceneManifest_Generation = YES;
				INFOPLIST_KEY_UIApplicationSupportsIndirectInputEvents = YES;
				INFOPLIST_KEY_UILaunchScreen_Generation = YES;
				INFOPLIST_KEY_UISupportedInterfaceOrientations_iPad = "UIInterfaceOrientationPortrait UIInterfaceOrientationPortraitUpsideDown UIInterfaceOrientationLandscapeLeft UIInterfaceOrientationLandscapeRight";
				INFOPLIST_KEY_UISupportedInterfaceOrientations_iPhone = "UIInterfaceOrientationPortrait UIInterfaceOrientationLandscapeLeft UIInterfaceOrientationLandscapeRight";
				LD_RUNPATH_SEARCH_PATHS = (
					"$(inherited)",
					"@executable_path/Frameworks",
				);
				MARKETING_VERSION = 1.0;
				PRODUCT_BUNDLE_IDENTIFIER = "com.beginner.test.instagram-threads-clone";
				PRODUCT_NAME = "$(TARGET_NAME)";
				SWIFT_EMIT_LOC_STRINGS = YES;
				SWIFT_VERSION = 5.0;
				TARGETED_DEVICE_FAMILY = "1,2";
			};
			name = Debug;
		};
		F58F32B92C8EEDAA00D4FB7B /* Release */ = {
			isa = XCBuildConfiguration;
			buildSettings = {
				ASSETCATALOG_COMPILER_APPICON_NAME = AppIcon;
				ASSETCATALOG_COMPILER_GLOBAL_ACCENT_COLOR_NAME = AccentColor;
				CODE_SIGN_STYLE = Automatic;
				CURRENT_PROJECT_VERSION = 1;
				DEVELOPMENT_ASSET_PATHS = "\"instagram_threads_clone/Preview Content\"";
				DEVELOPMENT_TEAM = 7XRSSC675J;
				ENABLE_PREVIEWS = YES;
				GENERATE_INFOPLIST_FILE = YES;
				INFOPLIST_KEY_UIApplicationSceneManifest_Generation = YES;
				INFOPLIST_KEY_UIApplicationSupportsIndirectInputEvents = YES;
				INFOPLIST_KEY_UILaunchScreen_Generation = YES;
				INFOPLIST_KEY_UISupportedInterfaceOrientations_iPad = "UIInterfaceOrientationPortrait UIInterfaceOrientationPortraitUpsideDown UIInterfaceOrientationLandscapeLeft UIInterfaceOrientationLandscapeRight";
				INFOPLIST_KEY_UISupportedInterfaceOrientations_iPhone = "UIInterfaceOrientationPortrait UIInterfaceOrientationLandscapeLeft UIInterfaceOrientationLandscapeRight";
				LD_RUNPATH_SEARCH_PATHS = (
					"$(inherited)",
					"@executable_path/Frameworks",
				);
				MARKETING_VERSION = 1.0;
				PRODUCT_BUNDLE_IDENTIFIER = "com.beginner.test.instagram-threads-clone";
				PRODUCT_NAME = "$(TARGET_NAME)";
				SWIFT_EMIT_LOC_STRINGS = YES;
				SWIFT_VERSION = 5.0;
				TARGETED_DEVICE_FAMILY = "1,2";
			};
			name = Release;
		};
/* End XCBuildConfiguration section */

/* Begin XCConfigurationList section */
		F58F32A42C8EEDA700D4FB7B /* Build configuration list for PBXProject "instagram_threads_clone" */ = {
			isa = XCConfigurationList;
			buildConfigurations = (
				F58F32B52C8EEDAA00D4FB7B /* Debug */,
				F58F32B62C8EEDAA00D4FB7B /* Release */,
			);
			defaultConfigurationIsVisible = 0;
			defaultConfigurationName = Release;
		};
		F58F32B72C8EEDAA00D4FB7B /* Build configuration list for PBXNativeTarget "instagram_threads_clone" */ = {
			isa = XCConfigurationList;
			buildConfigurations = (
				F58F32B82C8EEDAA00D4FB7B /* Debug */,
				F58F32B92C8EEDAA00D4FB7B /* Release */,
			);
			defaultConfigurationIsVisible = 0;
			defaultConfigurationName = Release;
		};
/* End XCConfigurationList section */
	};
	rootObject = F58F32A12C8EEDA700D4FB7B /* Project object */;
}
